
Microsoft Visual Studio Solution File, Format Version 12.00
# Visual Studio 15
VisualStudioVersion = 15.0.26228.4
MinimumVisualStudioVersion = 10.0.40219.1
Project("{2150E333-8FDC-42A3-9474-1A3956D46DE8}") = "src", "src", "{12851B6D-7CE0-4FC2-8148-25C0E0735A67}"
EndProject
Project("{2150E333-8FDC-42A3-9474-1A3956D46DE8}") = "Solution Items", "Solution Items", "{95EED31D-A2F6-47B5-9EE1-DCE8A1306E42}"
EndProject
Project("{9A19103F-16F7-4668-BE54-9A1E7A4F7556}") = "Lykke.EmailProvider", "src\Lykke.EmailProvider\Lykke.EmailProvider.csproj", "{507F40AA-4BEF-4525-B21F-4B032ADEF6BF}"
EndProject
Project("{9A19103F-16F7-4668-BE54-9A1E7A4F7556}") = "Lykke.EmailProvider.Test", "test\Lykke.EmailProvider.Test\Lykke.EmailProvider.Test.csproj", "{138DF791-8024-4AF8-971F-D51ED7948483}"
EndProject
Project("{2150E333-8FDC-42A3-9474-1A3956D46DE8}") = "test", "test", "{8A56EFCA-A177-48C1-9997-8105B1A95275}"
EndProject
Global
	GlobalSection(SolutionConfigurationPlatforms) = preSolution
		Debug|Any CPU = Debug|Any CPU
		Release|Any CPU = Release|Any CPU
	EndGlobalSection
	GlobalSection(ProjectConfigurationPlatforms) = postSolution
		{507F40AA-4BEF-4525-B21F-4B032ADEF6BF}.Debug|Any CPU.ActiveCfg = Debug|Any CPU
		{507F40AA-4BEF-4525-B21F-4B032ADEF6BF}.Debug|Any CPU.Build.0 = Debug|Any CPU
		{507F40AA-4BEF-4525-B21F-4B032ADEF6BF}.Release|Any CPU.ActiveCfg = Release|Any CPU
		{507F40AA-4BEF-4525-B21F-4B032ADEF6BF}.Release|Any CPU.Build.0 = Release|Any CPU
		{138DF791-8024-4AF8-971F-D51ED7948483}.Debug|Any CPU.ActiveCfg = Debug|Any CPU
		{138DF791-8024-4AF8-971F-D51ED7948483}.Debug|Any CPU.Build.0 = Debug|Any CPU
		{138DF791-8024-4AF8-971F-D51ED7948483}.Release|Any CPU.ActiveCfg = Release|Any CPU
		{138DF791-8024-4AF8-971F-D51ED7948483}.Release|Any CPU.Build.0 = Release|Any CPU
	EndGlobalSection
	GlobalSection(SolutionProperties) = preSolution
		HideSolutionNode = FALSE
	EndGlobalSection
	GlobalSection(NestedProjects) = preSolution
		{507F40AA-4BEF-4525-B21F-4B032ADEF6BF} = {12851B6D-7CE0-4FC2-8148-25C0E0735A67}
		{138DF791-8024-4AF8-971F-D51ED7948483} = {8A56EFCA-A177-48C1-9997-8105B1A95275}
	EndGlobalSection
EndGlobal
